
Microsoft Visual Studio Solution File, Format Version 12.00
# Visual Studio Version 17
VisualStudioVersion = 17.10.35013.160
MinimumVisualStudioVersion = 10.0.40219.1
Project("{FAE04EC0-301F-11D3-BF4B-00C04F79EFBC}") = "pwaDemo", "pwaDemo\pwaDemo.csproj", "{027BF42C-A65F-4632-83F3-B41343666355}"
EndProject
Global
	GlobalSection(SolutionConfigurationPlatforms) = preSolution
		Debug|Any CPU = Debug|Any CPU
		Release|Any CPU = Release|Any CPU
	EndGlobalSection
	GlobalSection(ProjectConfigurationPlatforms) = postSolution
		{027BF42C-A65F-4632-83F3-B41343666355}.Debug|Any CPU.ActiveCfg = Debug|Any CPU
		{027BF42C-A65F-4632-83F3-B41343666355}.Debug|Any CPU.Build.0 = Debug|Any CPU
		{027BF42C-A65F-4632-83F3-B41343666355}.Release|Any CPU.ActiveCfg = Release|Any CPU
		{027BF42C-A65F-4632-83F3-B41343666355}.Release|Any CPU.Build.0 = Release|Any CPU
	EndGlobalSection
	GlobalSection(SolutionProperties) = preSolution
		HideSolutionNode = FALSE
	EndGlobalSection
	GlobalSection(ExtensibilityGlobals) = postSolution
		SolutionGuid = {F640B9E9-D15B-4AA5-BF8A-74B54D11D19C}
	EndGlobalSection
EndGlobal
